
Microsoft Visual Studio Solution File, Format Version 12.00
# Visual Studio 15
Project("{FAE04EC0-301F-11D3-BF4B-00C04F79EFBC}") = "Assembly-CSharp", "Assembly-CSharp.csproj", "{EE520703-C6FA-E374-DE81-A93FA8C53EAE}"
EndProject
Global
	GlobalSection(SolutionConfigurationPlatforms) = preSolution
		Debug|Any CPU = Debug|Any CPU
		Release|Any CPU = Release|Any CPU
	EndGlobalSection
	GlobalSection(ProjectConfigurationPlatforms) = postSolution
		{EE520703-C6FA-E374-DE81-A93FA8C53EAE}.Debug|Any CPU.ActiveCfg = Debug|Any CPU
		{EE520703-C6FA-E374-DE81-A93FA8C53EAE}.Debug|Any CPU.Build.0 = Debug|Any CPU
		{EE520703-C6FA-E374-DE81-A93FA8C53EAE}.Release|Any CPU.ActiveCfg = Release|Any CPU
		{EE520703-C6FA-E374-DE81-A93FA8C53EAE}.Release|Any CPU.Build.0 = Release|Any CPU
	EndGlobalSection
	GlobalSection(SolutionProperties) = preSolution
		HideSolutionNode = FALSE
	EndGlobalSection
EndGlobal
